// !$*UTF8*$!
{
	archiveVersion = 1;
	classes = {
	};
	objectVersion = 50;
	objects = {

/* Begin PBXBuildFile section */
		6007BB3721C38803000CD104 /* path.html in Resources */ = {isa = PBXBuildFile; fileRef = 6007BB3621C38802000CD104 /* path.html */; };
		600B2B87219D66F300CBF641 /* Canvas.swift in Sources */ = {isa = PBXBuildFile; fileRef = 600B2B86219D66F300CBF641 /* Canvas.swift */; };
		600B2B89219D672E00CBF641 /* PathCreator.swift in Sources */ = {isa = PBXBuildFile; fileRef = 600B2B88219D672E00CBF641 /* PathCreator.swift */; };
		60108D9321915E960099A903 /* SnapController.swift in Sources */ = {isa = PBXBuildFile; fileRef = 60108D9221915E960099A903 /* SnapController.swift */; };
		60108D9521915EC90099A903 /* FileDatas.swift in Sources */ = {isa = PBXBuildFile; fileRef = 60108D9421915EC90099A903 /* FileDatas.swift */; };
		60108D97219166060099A903 /* SortController.swift in Sources */ = {isa = PBXBuildFile; fileRef = 60108D96219166060099A903 /* SortController.swift */; };
		60108D9D219273F30099A903 /* QRCodeController.swift in Sources */ = {isa = PBXBuildFile; fileRef = 60108D9C219273F30099A903 /* QRCodeController.swift */; };
		60108D9F2192755E0099A903 /* ORCode.swift in Sources */ = {isa = PBXBuildFile; fileRef = 60108D9E2192755E0099A903 /* ORCode.swift */; };
		60108DA32192D4720099A903 /* ColorController.swift in Sources */ = {isa = PBXBuildFile; fileRef = 60108DA22192D4720099A903 /* ColorController.swift */; };
		60108DA52192D9050099A903 /* BezierController.swift in Sources */ = {isa = PBXBuildFile; fileRef = 60108DA42192D9050099A903 /* BezierController.swift */; };
		60108DA82193C57C0099A903 /* CollectionViewController.swift in Sources */ = {isa = PBXBuildFile; fileRef = 60108DA72193C57C0099A903 /* CollectionViewController.swift */; };
		60108DAA2193D03B0099A903 /* SCell.swift in Sources */ = {isa = PBXBuildFile; fileRef = 60108DA92193D03B0099A903 /* SCell.swift */; };
		60108DAD2193D61B0099A903 /* CollectionFootView.swift in Sources */ = {isa = PBXBuildFile; fileRef = 60108DAB2193D61B0099A903 /* CollectionFootView.swift */; };
		60108DAE2193D61B0099A903 /* CollectionHeaderView.swift in Sources */ = {isa = PBXBuildFile; fileRef = 60108DAC2193D61B0099A903 /* CollectionHeaderView.swift */; };
		60108DB121940DCC0099A903 /* SSnapBasicView.swift in Sources */ = {isa = PBXBuildFile; fileRef = 60108DB021940DCC0099A903 /* SSnapBasicView.swift */; };
		60108DB3219416D00099A903 /* SSnapUpdateView.swift in Sources */ = {isa = PBXBuildFile; fileRef = 60108DB2219416D00099A903 /* SSnapUpdateView.swift */; };
		60108DE4219568950099A903 /* SSnapRemakeView.swift in Sources */ = {isa = PBXBuildFile; fileRef = 60108DE3219568950099A903 /* SSnapRemakeView.swift */; };
		60108DE621956DA70099A903 /* SSnapUsingView.swift in Sources */ = {isa = PBXBuildFile; fileRef = 60108DE521956DA70099A903 /* SSnapUsingView.swift */; };
		60108DE8219571F30099A903 /* SSnapEdgesView.swift in Sources */ = {isa = PBXBuildFile; fileRef = 60108DE7219571F30099A903 /* SSnapEdgesView.swift */; };
		602DE1632189AA5100CC4511 /* AppDelegate.swift in Sources */ = {isa = PBXBuildFile; fileRef = 602DE1622189AA5100CC4511 /* AppDelegate.swift */; };
		602DE1652189AA5100CC4511 /* ViewController.swift in Sources */ = {isa = PBXBuildFile; fileRef = 602DE1642189AA5100CC4511 /* ViewController.swift */; };
		602DE1682189AA5100CC4511 /* Main.storyboard in Resources */ = {isa = PBXBuildFile; fileRef = 602DE1662189AA5100CC4511 /* Main.storyboard */; };
		602DE16B2189AA5100CC4511 /* EManager.xcdatamodeld in Sources */ = {isa = PBXBuildFile; fileRef = 602DE1692189AA5100CC4511 /* EManager.xcdatamodeld */; };
		602DE16D2189AA5300CC4511 /* Assets.xcassets in Resources */ = {isa = PBXBuildFile; fileRef = 602DE16C2189AA5300CC4511 /* Assets.xcassets */; };
		602DE1702189AA5300CC4511 /* LaunchScreen.storyboard in Resources */ = {isa = PBXBuildFile; fileRef = 602DE16E2189AA5300CC4511 /* LaunchScreen.storyboard */; };
		602DE17B2189AA5300CC4511 /* EManagerTests.swift in Sources */ = {isa = PBXBuildFile; fileRef = 602DE17A2189AA5300CC4511 /* EManagerTests.swift */; };
		602DE1862189AA5300CC4511 /* EManagerUITests.swift in Sources */ = {isa = PBXBuildFile; fileRef = 602DE1852189AA5300CC4511 /* EManagerUITests.swift */; };
		602DE197218AD99800CC4511 /* SRequest.swift in Sources */ = {isa = PBXBuildFile; fileRef = 602DE196218AD99800CC4511 /* SRequest.swift */; };
		6053CE9D2199088E00E1014C /* BodyView.swift in Sources */ = {isa = PBXBuildFile; fileRef = 6053CE9C2199088E00E1014C /* BodyView.swift */; };
		6053CE9F219909F900E1014C /* ControlController.swift in Sources */ = {isa = PBXBuildFile; fileRef = 6053CE9E219909F900E1014C /* ControlController.swift */; };
		6053CEA1219922AE00E1014C /* CirclePan.swift in Sources */ = {isa = PBXBuildFile; fileRef = 6053CEA0219922AE00E1014C /* CirclePan.swift */; };
		6053CEA5219A632600E1014C /* BasicFunction.swift in Sources */ = {isa = PBXBuildFile; fileRef = 6053CEA4219A632600E1014C /* BasicFunction.swift */; };
		6053CEA7219A9A8700E1014C /* RobotHandle.swift in Sources */ = {isa = PBXBuildFile; fileRef = 6053CEA6219A9A8700E1014C /* RobotHandle.swift */; };
		6053CEA9219AA34900E1014C /* CoordinatesController.swift in Sources */ = {isa = PBXBuildFile; fileRef = 6053CEA8219AA34900E1014C /* CoordinatesController.swift */; };
		6053CEAB219BFD2200E1014C /* RBSlider.swift in Sources */ = {isa = PBXBuildFile; fileRef = 6053CEAA219BFD2200E1014C /* RBSlider.swift */; };
		6053CEAF219C023A00E1014C /* VController.swift in Sources */ = {isa = PBXBuildFile; fileRef = 6053CEAE219C023A00E1014C /* VController.swift */; };
		607A6F3721A3B3B900F5059A /* SAudio.swift in Sources */ = {isa = PBXBuildFile; fileRef = 607A6F3621A3B3B900F5059A /* SAudio.swift */; };
		60CC291421A246DC00A0F381 /* PixelView.swift in Sources */ = {isa = PBXBuildFile; fileRef = 60CC291321A246DC00A0F381 /* PixelView.swift */; };
		60CC291721A24DAF00A0F381 /* MotionModel.swift in Sources */ = {isa = PBXBuildFile; fileRef = 60CC291621A24DAF00A0F381 /* MotionModel.swift */; };
		60F8E48821C8E59C00570F4D /* TimerController.swift in Sources */ = {isa = PBXBuildFile; fileRef = 60F8E48721C8E59C00570F4D /* TimerController.swift */; };
		60FBB93B2214FFB7008A3F11 /* UDPController.swift in Sources */ = {isa = PBXBuildFile; fileRef = 60FBB9392214FFB7008A3F11 /* UDPController.swift */; };
		60FBB93C2214FFB7008A3F11 /* UDPController.xib in Resources */ = {isa = PBXBuildFile; fileRef = 60FBB93A2214FFB7008A3F11 /* UDPController.xib */; };
		60FBB93F22153C63008A3F11 /* SendUDPController.swift in Sources */ = {isa = PBXBuildFile; fileRef = 60FBB93D22153C63008A3F11 /* SendUDPController.swift */; };
		60FBB94022153C63008A3F11 /* SendUDPController.xib in Resources */ = {isa = PBXBuildFile; fileRef = 60FBB93E22153C63008A3F11 /* SendUDPController.xib */; };
		60FBB94C2216843A008A3F11 /* SCanvasControl.swift in Sources */ = {isa = PBXBuildFile; fileRef = 60FBB9422216843A008A3F11 /* SCanvasControl.swift */; };
		60FBB94D2216843A008A3F11 /* SPen.swift in Sources */ = {isa = PBXBuildFile; fileRef = 60FBB9432216843A008A3F11 /* SPen.swift */; };
		60FBB94E2216843A008A3F11 /* SChangeBtn.swift in Sources */ = {isa = PBXBuildFile; fileRef = 60FBB9442216843A008A3F11 /* SChangeBtn.swift */; };
		60FBB94F2216843A008A3F11 /* SCanvasLayer.swift in Sources */ = {isa = PBXBuildFile; fileRef = 60FBB9452216843A008A3F11 /* SCanvasLayer.swift */; };
		60FBB9502216843A008A3F11 /* SCanvasModelExtend.swift in Sources */ = {isa = PBXBuildFile; fileRef = 60FBB9462216843A008A3F11 /* SCanvasModelExtend.swift */; };
		60FBB9512216843A008A3F11 /* SChartBridge.swift in Sources */ = {isa = PBXBuildFile; fileRef = 60FBB9472216843A008A3F11 /* SChartBridge.swift */; };
		60FBB9522216843A008A3F11 /* SCanvasControl.xib in Resources */ = {isa = PBXBuildFile; fileRef = 60FBB9482216843A008A3F11 /* SCanvasControl.xib */; };
		60FBB9532216843A008A3F11 /* SCanvasModel.swift in Sources */ = {isa = PBXBuildFile; fileRef = 60FBB9492216843A008A3F11 /* SCanvasModel.swift */; };
		60FBB9542216843A008A3F11 /* SCanvasBase.swift in Sources */ = {isa = PBXBuildFile; fileRef = 60FBB94A2216843A008A3F11 /* SCanvasBase.swift */; };
		60FBB9552216843A008A3F11 /* SDuda.swift in Sources */ = {isa = PBXBuildFile; fileRef = 60FBB94B2216843A008A3F11 /* SDuda.swift */; };
		60FBB957221684D2008A3F11 /* CSViewExtend.swift in Sources */ = {isa = PBXBuildFile; fileRef = 60FBB956221684D2008A3F11 /* CSViewExtend.swift */; };
		60FBB95922168D8C008A3F11 /* CanvasController.swift in Sources */ = {isa = PBXBuildFile; fileRef = 60FBB95822168D8C008A3F11 /* CanvasController.swift */; };
		99FFA5F7C40DEE89E3305517 /* Pods_EManagerTests.framework in Frameworks */ = {isa = PBXBuildFile; fileRef = FEBE067491FAD082BF540189 /* Pods_EManagerTests.framework */; };
		9FF84718E4B5BC59C04B5125 /* Pods_EManager.framework in Frameworks */ = {isa = PBXBuildFile; fileRef = 1312A2AB853206982B280269 /* Pods_EManager.framework */; };
		A4C6D47378FBBCB22B6FE03F /* Pods_EManagerUITests.framework in Frameworks */ = {isa = PBXBuildFile; fileRef = AC4625D62BFF47AE78217BB0 /* Pods_EManagerUITests.framework */; };
/* End PBXBuildFile section */

/* Begin PBXContainerItemProxy section */
		602DE1772189AA5300CC4511 /* PBXContainerItemProxy */ = {
			isa = PBXContainerItemProxy;
			containerPortal = 602DE1572189AA5100CC4511 /* Project object */;
			proxyType = 1;
			remoteGlobalIDString = 602DE15E2189AA5100CC4511;
			remoteInfo = EManager;
		};
		602DE1822189AA5300CC4511 /* PBXContainerItemProxy */ = {
			isa = PBXContainerItemProxy;
			containerPortal = 602DE1572189AA5100CC4511 /* Project object */;
			proxyType = 1;
			remoteGlobalIDString = 602DE15E2189AA5100CC4511;
			remoteInfo = EManager;
		};
/* End PBXContainerItemProxy section */

/* Begin PBXFileReference section */
		116E85AD4CAD52B12D1BDE6B /* Pods-EManager.release.xcconfig */ = {isa = PBXFileReference; includeInIndex = 1; lastKnownFileType = text.xcconfig; name = "Pods-EManager.release.xcconfig"; path = "Pods/Target Support Files/Pods-EManager/Pods-EManager.release.xcconfig"; sourceTree = "<group>"; };
		1312A2AB853206982B280269 /* Pods_EManager.framework */ = {isa = PBXFileReference; explicitFileType = wrapper.framework; includeInIndex = 0; path = Pods_EManager.framework; sourceTree = BUILT_PRODUCTS_DIR; };
		203BCD1CBF7B745B60CC3304 /* Pods-EManager.debug.xcconfig */ = {isa = PBXFileReference; includeInIndex = 1; lastKnownFileType = text.xcconfig; name = "Pods-EManager.debug.xcconfig"; path = "Pods/Target Support Files/Pods-EManager/Pods-EManager.debug.xcconfig"; sourceTree = "<group>"; };
		6007BB3621C38802000CD104 /* path.html */ = {isa = PBXFileReference; fileEncoding = 4; lastKnownFileType = text.html; path = path.html; sourceTree = "<group>"; };
		600B2B86219D66F300CBF641 /* Canvas.swift */ = {isa = PBXFileReference; lastKnownFileType = sourcecode.swift; path = Canvas.swift; sourceTree = "<group>"; };
		600B2B88219D672E00CBF641 /* PathCreator.swift */ = {isa = PBXFileReference; lastKnownFileType = sourcecode.swift; path = PathCreator.swift; sourceTree = "<group>"; };
		60108D9221915E960099A903 /* SnapController.swift */ = {isa = PBXFileReference; fileEncoding = 4; lastKnownFileType = sourcecode.swift; path = SnapController.swift; sourceTree = "<group>"; };
		60108D9421915EC90099A903 /* FileDatas.swift */ = {isa = PBXFileReference; lastKnownFileType = sourcecode.swift; path = FileDatas.swift; sourceTree = "<group>"; };
		60108D96219166060099A903 /* SortController.swift */ = {isa = PBXFileReference; lastKnownFileType = sourcecode.swift; path = SortController.swift; sourceTree = "<group>"; };
		60108D9C219273F30099A903 /* QRCodeController.swift */ = {isa = PBXFileReference; lastKnownFileType = sourcecode.swift; path = QRCodeController.swift; sourceTree = "<group>"; };
		60108D9E2192755E0099A903 /* ORCode.swift */ = {isa = PBXFileReference; lastKnownFileType = sourcecode.swift; path = ORCode.swift; sourceTree = "<group>"; };
		60108DA22192D4720099A903 /* ColorController.swift */ = {isa = PBXFileReference; lastKnownFileType = sourcecode.swift; path = ColorController.swift; sourceTree = "<group>"; };
		60108DA42192D9050099A903 /* BezierController.swift */ = {isa = PBXFileReference; lastKnownFileType = sourcecode.swift; path = BezierController.swift; sourceTree = "<group>"; };
		60108DA72193C57C0099A903 /* CollectionViewController.swift */ = {isa = PBXFileReference; lastKnownFileType = sourcecode.swift; path = CollectionViewController.swift; sourceTree = "<group>"; };
		60108DA92193D03B0099A903 /* SCell.swift */ = {isa = PBXFileReference; lastKnownFileType = sourcecode.swift; path = SCell.swift; sourceTree = "<group>"; };
		60108DAB2193D61B0099A903 /* CollectionFootView.swift */ = {isa = PBXFileReference; fileEncoding = 4; lastKnownFileType = sourcecode.swift; path = CollectionFootView.swift; sourceTree = "<group>"; };
		60108DAC2193D61B0099A903 /* CollectionHeaderView.swift */ = {isa = PBXFileReference; fileEncoding = 4; lastKnownFileType = sourcecode.swift; path = CollectionHeaderView.swift; sourceTree = "<group>"; };
		60108DB021940DCC0099A903 /* SSnapBasicView.swift */ = {isa = PBXFileReference; lastKnownFileType = sourcecode.swift; path = SSnapBasicView.swift; sourceTree = "<group>"; };
		60108DB2219416D00099A903 /* SSnapUpdateView.swift */ = {isa = PBXFileReference; lastKnownFileType = sourcecode.swift; path = SSnapUpdateView.swift; sourceTree = "<group>"; };
		60108DE3219568950099A903 /* SSnapRemakeView.swift */ = {isa = PBXFileReference; lastKnownFileType = sourcecode.swift; path = SSnapRemakeView.swift; sourceTree = "<group>"; };
		60108DE521956DA70099A903 /* SSnapUsingView.swift */ = {isa = PBXFileReference; lastKnownFileType = sourcecode.swift; path = SSnapUsingView.swift; sourceTree = "<group>"; };
		60108DE7219571F30099A903 /* SSnapEdgesView.swift */ = {isa = PBXFileReference; lastKnownFileType = sourcecode.swift; path = SSnapEdgesView.swift; sourceTree = "<group>"; };
		602DE15F2189AA5100CC4511 /* EManager.app */ = {isa = PBXFileReference; explicitFileType = wrapper.application; includeInIndex = 0; path = EManager.app; sourceTree = BUILT_PRODUCTS_DIR; };
		602DE1622189AA5100CC4511 /* AppDelegate.swift */ = {isa = PBXFileReference; lastKnownFileType = sourcecode.swift; path = AppDelegate.swift; sourceTree = "<group>"; };
		602DE1642189AA5100CC4511 /* ViewController.swift */ = {isa = PBXFileReference; lastKnownFileType = sourcecode.swift; path = ViewController.swift; sourceTree = "<group>"; };
		602DE1672189AA5100CC4511 /* Base */ = {isa = PBXFileReference; lastKnownFileType = file.storyboard; name = Base; path = Base.lproj/Main.storyboard; sourceTree = "<group>"; };
		602DE16A2189AA5100CC4511 /* EManager.xcdatamodel */ = {isa = PBXFileReference; lastKnownFileType = wrapper.xcdatamodel; path = EManager.xcdatamodel; sourceTree = "<group>"; };
		602DE16C2189AA5300CC4511 /* Assets.xcassets */ = {isa = PBXFileReference; lastKnownFileType = folder.assetcatalog; path = Assets.xcassets; sourceTree = "<group>"; };
		602DE16F2189AA5300CC4511 /* Base */ = {isa = PBXFileReference; lastKnownFileType = file.storyboard; name = Base; path = Base.lproj/LaunchScreen.storyboard; sourceTree = "<group>"; };
		602DE1712189AA5300CC4511 /* Info.plist */ = {isa = PBXFileReference; lastKnownFileType = text.plist.xml; path = Info.plist; sourceTree = "<group>"; };
		602DE1762189AA5300CC4511 /* EManagerTests.xctest */ = {isa = PBXFileReference; explicitFileType = wrapper.cfbundle; includeInIndex = 0; path = EManagerTests.xctest; sourceTree = BUILT_PRODUCTS_DIR; };
		602DE17A2189AA5300CC4511 /* EManagerTests.swift */ = {isa = PBXFileReference; lastKnownFileType = sourcecode.swift; path = EManagerTests.swift; sourceTree = "<group>"; };
		602DE17C2189AA5300CC4511 /* Info.plist */ = {isa = PBXFileReference; lastKnownFileType = text.plist.xml; path = Info.plist; sourceTree = "<group>"; };
		602DE1812189AA5300CC4511 /* EManagerUITests.xctest */ = {isa = PBXFileReference; explicitFileType = wrapper.cfbundle; includeInIndex = 0; path = EManagerUITests.xctest; sourceTree = BUILT_PRODUCTS_DIR; };
		602DE1852189AA5300CC4511 /* EManagerUITests.swift */ = {isa = PBXFileReference; lastKnownFileType = sourcecode.swift; path = EManagerUITests.swift; sourceTree = "<group>"; };
		602DE1872189AA5300CC4511 /* Info.plist */ = {isa = PBXFileReference; lastKnownFileType = text.plist.xml; path = Info.plist; sourceTree = "<group>"; };
		602DE196218AD99800CC4511 /* SRequest.swift */ = {isa = PBXFileReference; lastKnownFileType = sourcecode.swift; path = SRequest.swift; sourceTree = "<group>"; };
		602DE19A218C2B5B00CC4511 /* PeerTalk.framework */ = {isa = PBXFileReference; explicitFileType = wrapper.framework; path = PeerTalk.framework; sourceTree = BUILT_PRODUCTS_DIR; };
		6053CE9C2199088E00E1014C /* BodyView.swift */ = {isa = PBXFileReference; lastKnownFileType = sourcecode.swift; path = BodyView.swift; sourceTree = "<group>"; };
		6053CE9E219909F900E1014C /* ControlController.swift */ = {isa = PBXFileReference; lastKnownFileType = sourcecode.swift; path = ControlController.swift; sourceTree = "<group>"; };
		6053CEA0219922AE00E1014C /* CirclePan.swift */ = {isa = PBXFileReference; lastKnownFileType = sourcecode.swift; path = CirclePan.swift; sourceTree = "<group>"; };
		6053CEA4219A632600E1014C /* BasicFunction.swift */ = {isa = PBXFileReference; lastKnownFileType = sourcecode.swift; path = BasicFunction.swift; sourceTree = "<group>"; };
		6053CEA6219A9A8700E1014C /* RobotHandle.swift */ = {isa = PBXFileReference; lastKnownFileType = sourcecode.swift; path = RobotHandle.swift; sourceTree = "<group>"; };
		6053CEA8219AA34900E1014C /* CoordinatesController.swift */ = {isa = PBXFileReference; lastKnownFileType = sourcecode.swift; path = CoordinatesController.swift; sourceTree = "<group>"; };
		6053CEAA219BFD2200E1014C /* RBSlider.swift */ = {isa = PBXFileReference; lastKnownFileType = sourcecode.swift; path = RBSlider.swift; sourceTree = "<group>"; };
		6053CEAE219C023A00E1014C /* VController.swift */ = {isa = PBXFileReference; lastKnownFileType = sourcecode.swift; path = VController.swift; sourceTree = "<group>"; };
		607A6F3621A3B3B900F5059A /* SAudio.swift */ = {isa = PBXFileReference; lastKnownFileType = sourcecode.swift; path = SAudio.swift; sourceTree = "<group>"; };
		60CC291321A246DC00A0F381 /* PixelView.swift */ = {isa = PBXFileReference; lastKnownFileType = sourcecode.swift; path = PixelView.swift; sourceTree = "<group>"; };
		60CC291621A24DAF00A0F381 /* MotionModel.swift */ = {isa = PBXFileReference; lastKnownFileType = sourcecode.swift; path = MotionModel.swift; sourceTree = "<group>"; };
		60F8E48721C8E59C00570F4D /* TimerController.swift */ = {isa = PBXFileReference; lastKnownFileType = sourcecode.swift; path = TimerController.swift; sourceTree = "<group>"; };
		60FBB9392214FFB7008A3F11 /* UDPController.swift */ = {isa = PBXFileReference; lastKnownFileType = sourcecode.swift; path = UDPController.swift; sourceTree = "<group>"; };
		60FBB93A2214FFB7008A3F11 /* UDPController.xib */ = {isa = PBXFileReference; lastKnownFileType = file.xib; path = UDPController.xib; sourceTree = "<group>"; };
		60FBB93D22153C63008A3F11 /* SendUDPController.swift */ = {isa = PBXFileReference; lastKnownFileType = sourcecode.swift; path = SendUDPController.swift; sourceTree = "<group>"; };
		60FBB93E22153C63008A3F11 /* SendUDPController.xib */ = {isa = PBXFileReference; lastKnownFileType = file.xib; path = SendUDPController.xib; sourceTree = "<group>"; };
		60FBB9422216843A008A3F11 /* SCanvasControl.swift */ = {isa = PBXFileReference; fileEncoding = 4; lastKnownFileType = sourcecode.swift; path = SCanvasControl.swift; sourceTree = "<group>"; };
		60FBB9432216843A008A3F11 /* SPen.swift */ = {isa = PBXFileReference; fileEncoding = 4; lastKnownFileType = sourcecode.swift; path = SPen.swift; sourceTree = "<group>"; };
		60FBB9442216843A008A3F11 /* SChangeBtn.swift */ = {isa = PBXFileReference; fileEncoding = 4; lastKnownFileType = sourcecode.swift; path = SChangeBtn.swift; sourceTree = "<group>"; };
		60FBB9452216843A008A3F11 /* SCanvasLayer.swift */ = {isa = PBXFileReference; fileEncoding = 4; lastKnownFileType = sourcecode.swift; path = SCanvasLayer.swift; sourceTree = "<group>"; };
		60FBB9462216843A008A3F11 /* SCanvasModelExtend.swift */ = {isa = PBXFileReference; fileEncoding = 4; lastKnownFileType = sourcecode.swift; path = SCanvasModelExtend.swift; sourceTree = "<group>"; };
		60FBB9472216843A008A3F11 /* SChartBridge.swift */ = {isa = PBXFileReference; fileEncoding = 4; lastKnownFileType = sourcecode.swift; path = SChartBridge.swift; sourceTree = "<group>"; };
		60FBB9482216843A008A3F11 /* SCanvasControl.xib */ = {isa = PBXFileReference; fileEncoding = 4; lastKnownFileType = file.xib; path = SCanvasControl.xib; sourceTree = "<group>"; };
		60FBB9492216843A008A3F11 /* SCanvasModel.swift */ = {isa = PBXFileReference; fileEncoding = 4; lastKnownFileType = sourcecode.swift; path = SCanvasModel.swift; sourceTree = "<group>"; };
		60FBB94A2216843A008A3F11 /* SCanvasBase.swift */ = {isa = PBXFileReference; fileEncoding = 4; lastKnownFileType = sourcecode.swift; path = SCanvasBase.swift; sourceTree = "<group>"; };
		60FBB94B2216843A008A3F11 /* SDuda.swift */ = {isa = PBXFileReference; fileEncoding = 4; lastKnownFileType = sourcecode.swift; path = SDuda.swift; sourceTree = "<group>"; };
		60FBB956221684D2008A3F11 /* CSViewExtend.swift */ = {isa = PBXFileReference; fileEncoding = 4; lastKnownFileType = sourcecode.swift; path = CSViewExtend.swift; sourceTree = "<group>"; };
		60FBB95822168D8C008A3F11 /* CanvasController.swift */ = {isa = PBXFileReference; lastKnownFileType = sourcecode.swift; path = CanvasController.swift; sourceTree = "<group>"; };
		66A6576315E06F2BEAF26DBF /* Pods-EManagerUITests.release.xcconfig */ = {isa = PBXFileReference; includeInIndex = 1; lastKnownFileType = text.xcconfig; name = "Pods-EManagerUITests.release.xcconfig"; path = "Pods/Target Support Files/Pods-EManagerUITests/Pods-EManagerUITests.release.xcconfig"; sourceTree = "<group>"; };
		8B3475704189D6BD6FA2A89D /* Pods-EManagerTests.release.xcconfig */ = {isa = PBXFileReference; includeInIndex = 1; lastKnownFileType = text.xcconfig; name = "Pods-EManagerTests.release.xcconfig"; path = "Pods/Target Support Files/Pods-EManagerTests/Pods-EManagerTests.release.xcconfig"; sourceTree = "<group>"; };
		AB186122656B3DED540361E4 /* Pods-EManagerTests.debug.xcconfig */ = {isa = PBXFileReference; includeInIndex = 1; lastKnownFileType = text.xcconfig; name = "Pods-EManagerTests.debug.xcconfig"; path = "Pods/Target Support Files/Pods-EManagerTests/Pods-EManagerTests.debug.xcconfig"; sourceTree = "<group>"; };
		AC4625D62BFF47AE78217BB0 /* Pods_EManagerUITests.framework */ = {isa = PBXFileReference; explicitFileType = wrapper.framework; includeInIndex = 0; path = Pods_EManagerUITests.framework; sourceTree = BUILT_PRODUCTS_DIR; };
		FE4B34C7463C9FD78C361DBD /* Pods-EManagerUITests.debug.xcconfig */ = {isa = PBXFileReference; includeInIndex = 1; lastKnownFileType = text.xcconfig; name = "Pods-EManagerUITests.debug.xcconfig"; path = "Pods/Target Support Files/Pods-EManagerUITests/Pods-EManagerUITests.debug.xcconfig"; sourceTree = "<group>"; };
		FEBE067491FAD082BF540189 /* Pods_EManagerTests.framework */ = {isa = PBXFileReference; explicitFileType = wrapper.framework; includeInIndex = 0; path = Pods_EManagerTests.framework; sourceTree = BUILT_PRODUCTS_DIR; };
/* End PBXFileReference section */

/* Begin PBXFrameworksBuildPhase section */
		602DE15C2189AA5100CC4511 /* Frameworks */ = {
			isa = PBXFrameworksBuildPhase;
			buildActionMask = 2147483647;
			files = (
				9FF84718E4B5BC59C04B5125 /* Pods_EManager.framework in Frameworks */,
			);
			runOnlyForDeploymentPostprocessing = 0;
		};
		602DE1732189AA5300CC4511 /* Frameworks */ = {
			isa = PBXFrameworksBuildPhase;
			buildActionMask = 2147483647;
			files = (
				99FFA5F7C40DEE89E3305517 /* Pods_EManagerTests.framework in Frameworks */,
			);
			runOnlyForDeploymentPostprocessing = 0;
		};
		602DE17E2189AA5300CC4511 /* Frameworks */ = {
			isa = PBXFrameworksBuildPhase;
			buildActionMask = 2147483647;
			files = (
				A4C6D47378FBBCB22B6FE03F /* Pods_EManagerUITests.framework in Frameworks */,
			);
			runOnlyForDeploymentPostprocessing = 0;
		};
/* End PBXFrameworksBuildPhase section */

/* Begin PBXGroup section */
		2C38CD4AB531B6C2E17A6325 /* Pods */ = {
			isa = PBXGroup;
			children = (
				203BCD1CBF7B745B60CC3304 /* Pods-EManager.debug.xcconfig */,
				116E85AD4CAD52B12D1BDE6B /* Pods-EManager.release.xcconfig */,
				AB186122656B3DED540361E4 /* Pods-EManagerTests.debug.xcconfig */,
				8B3475704189D6BD6FA2A89D /* Pods-EManagerTests.release.xcconfig */,
				FE4B34C7463C9FD78C361DBD /* Pods-EManagerUITests.debug.xcconfig */,
				66A6576315E06F2BEAF26DBF /* Pods-EManagerUITests.release.xcconfig */,
			);
			name = Pods;
			sourceTree = "<group>";
		};
		60108D8E21915E170099A903 /* Common */ = {
			isa = PBXGroup;
			children = (
				60108D9421915EC90099A903 /* FileDatas.swift */,
				6053CEA4219A632600E1014C /* BasicFunction.swift */,
			);
			path = Common;
			sourceTree = "<group>";
		};
		60108D8F21915E5D0099A903 /* Test */ = {
			isa = PBXGroup;
			children = (
				6007BB3621C38802000CD104 /* path.html */,
				60108D9221915E960099A903 /* SnapController.swift */,
				60108D96219166060099A903 /* SortController.swift */,
				60108D9C219273F30099A903 /* QRCodeController.swift */,
				60108DA22192D4720099A903 /* ColorController.swift */,
				60108DA42192D9050099A903 /* BezierController.swift */,
				60108DA92193D03B0099A903 /* SCell.swift */,
				60108DAB2193D61B0099A903 /* CollectionFootView.swift */,
				60108DAC2193D61B0099A903 /* CollectionHeaderView.swift */,
				6053CEAE219C023A00E1014C /* VController.swift */,
				60F8E48721C8E59C00570F4D /* TimerController.swift */,
				60FBB9392214FFB7008A3F11 /* UDPController.swift */,
				60FBB93A2214FFB7008A3F11 /* UDPController.xib */,
				60FBB93D22153C63008A3F11 /* SendUDPController.swift */,
				60FBB93E22153C63008A3F11 /* SendUDPController.xib */,
				60FBB95822168D8C008A3F11 /* CanvasController.swift */,
			);
			path = Test;
			sourceTree = "<group>";
		};
		60108DA62193C55C0099A903 /* View */ = {
			isa = PBXGroup;
			children = (
				60108DAF21940D930099A903 /* Snap */,
				60108DA72193C57C0099A903 /* CollectionViewController.swift */,
				6053CEAA219BFD2200E1014C /* RBSlider.swift */,
				600B2B86219D66F300CBF641 /* Canvas.swift */,
				600B2B88219D672E00CBF641 /* PathCreator.swift */,
				60CC291321A246DC00A0F381 /* PixelView.swift */,
			);
			path = View;
			sourceTree = "<group>";
		};
		60108DAF21940D930099A903 /* Snap */ = {
			isa = PBXGroup;
			children = (
				60108DB021940DCC0099A903 /* SSnapBasicView.swift */,
				60108DB2219416D00099A903 /* SSnapUpdateView.swift */,
				60108DE3219568950099A903 /* SSnapRemakeView.swift */,
				60108DE521956DA70099A903 /* SSnapUsingView.swift */,
				60108DE7219571F30099A903 /* SSnapEdgesView.swift */,
			);
			path = Snap;
			sourceTree = "<group>";
		};
		602DE1562189AA5100CC4511 = {
			isa = PBXGroup;
			children = (
				602DE1612189AA5100CC4511 /* EManager */,
				602DE1792189AA5300CC4511 /* EManagerTests */,
				602DE1842189AA5300CC4511 /* EManagerUITests */,
				602DE1602189AA5100CC4511 /* Products */,
				2C38CD4AB531B6C2E17A6325 /* Pods */,
				CB1D92DB72FA6EC2753F301C /* Frameworks */,
			);
			sourceTree = "<group>";
		};
		602DE1602189AA5100CC4511 /* Products */ = {
			isa = PBXGroup;
			children = (
				602DE15F2189AA5100CC4511 /* EManager.app */,
				602DE1762189AA5300CC4511 /* EManagerTests.xctest */,
				602DE1812189AA5300CC4511 /* EManagerUITests.xctest */,
			);
			name = Products;
			sourceTree = "<group>";
		};
		602DE1612189AA5100CC4511 /* EManager */ = {
			isa = PBXGroup;
			children = (
				602DE1622189AA5100CC4511 /* AppDelegate.swift */,
				602DE1642189AA5100CC4511 /* ViewController.swift */,
				602DE1662189AA5100CC4511 /* Main.storyboard */,
				602DE16C2189AA5300CC4511 /* Assets.xcassets */,
				602DE16E2189AA5300CC4511 /* LaunchScreen.storyboard */,
				602DE1712189AA5300CC4511 /* Info.plist */,
				602DE1692189AA5100CC4511 /* EManager.xcdatamodeld */,
				6053CE9B2199086E00E1014C /* Robot */,
				60108D8F21915E5D0099A903 /* Test */,
				60108DA62193C55C0099A903 /* View */,
				60CC291521A24D8A00A0F381 /* Model */,
				60108D8E21915E170099A903 /* Common */,
				602DE193218A9B9300CC4511 /* Tool */,
			);
			path = EManager;
			sourceTree = "<group>";
		};
		602DE1792189AA5300CC4511 /* EManagerTests */ = {
			isa = PBXGroup;
			children = (
				602DE17A2189AA5300CC4511 /* EManagerTests.swift */,
				602DE17C2189AA5300CC4511 /* Info.plist */,
			);
			path = EManagerTests;
			sourceTree = "<group>";
		};
		602DE1842189AA5300CC4511 /* EManagerUITests */ = {
			isa = PBXGroup;
			children = (
				602DE1852189AA5300CC4511 /* EManagerUITests.swift */,
				602DE1872189AA5300CC4511 /* Info.plist */,
			);
			path = EManagerUITests;
			sourceTree = "<group>";
		};
		602DE193218A9B9300CC4511 /* Tool */ = {
			isa = PBXGroup;
			children = (
				60FBB9412216843A008A3F11 /* SContext */,
				602DE196218AD99800CC4511 /* SRequest.swift */,
				60108D9E2192755E0099A903 /* ORCode.swift */,
				60FBB956221684D2008A3F11 /* CSViewExtend.swift */,
			);
			path = Tool;
			sourceTree = "<group>";
		};
		6053CE9B2199086E00E1014C /* Robot */ = {
			isa = PBXGroup;
			children = (
				6053CE9C2199088E00E1014C /* BodyView.swift */,
				6053CE9E219909F900E1014C /* ControlController.swift */,
				6053CEA0219922AE00E1014C /* CirclePan.swift */,
				6053CEA6219A9A8700E1014C /* RobotHandle.swift */,
				6053CEA8219AA34900E1014C /* CoordinatesController.swift */,
			);
			path = Robot;
			sourceTree = "<group>";
		};
		60CC291521A24D8A00A0F381 /* Model */ = {
			isa = PBXGroup;
			children = (
				60CC291621A24DAF00A0F381 /* MotionModel.swift */,
				607A6F3621A3B3B900F5059A /* SAudio.swift */,
			);
			path = Model;
			sourceTree = "<group>";
		};
		60FBB9412216843A008A3F11 /* SContext */ = {
			isa = PBXGroup;
			children = (
				60FBB9422216843A008A3F11 /* SCanvasControl.swift */,
				60FBB9432216843A008A3F11 /* SPen.swift */,
				60FBB9442216843A008A3F11 /* SChangeBtn.swift */,
				60FBB9452216843A008A3F11 /* SCanvasLayer.swift */,
				60FBB9462216843A008A3F11 /* SCanvasModelExtend.swift */,
				60FBB9472216843A008A3F11 /* SChartBridge.swift */,
				60FBB9482216843A008A3F11 /* SCanvasControl.xib */,
				60FBB9492216843A008A3F11 /* SCanvasModel.swift */,
				60FBB94A2216843A008A3F11 /* SCanvasBase.swift */,
				60FBB94B2216843A008A3F11 /* SDuda.swift */,
			);
			path = SContext;
			sourceTree = "<group>";
		};
		CB1D92DB72FA6EC2753F301C /* Frameworks */ = {
			isa = PBXGroup;
			children = (
				602DE19A218C2B5B00CC4511 /* PeerTalk.framework */,
				1312A2AB853206982B280269 /* Pods_EManager.framework */,
				FEBE067491FAD082BF540189 /* Pods_EManagerTests.framework */,
				AC4625D62BFF47AE78217BB0 /* Pods_EManagerUITests.framework */,
			);
			name = Frameworks;
			sourceTree = "<group>";
		};
/* End PBXGroup section */

/* Begin PBXNativeTarget section */
		602DE15E2189AA5100CC4511 /* EManager */ = {
			isa = PBXNativeTarget;
			buildConfigurationList = 602DE18A2189AA5300CC4511 /* Build configuration list for PBXNativeTarget "EManager" */;
			buildPhases = (
				12D49FF9433847FEB465D910 /* [CP] Check Pods Manifest.lock */,
				602DE15B2189AA5100CC4511 /* Sources */,
				602DE15C2189AA5100CC4511 /* Frameworks */,
				602DE15D2189AA5100CC4511 /* Resources */,
				442893A8B2CF9F1AAA3ACD12 /* [CP] Embed Pods Frameworks */,
			);
			buildRules = (
			);
			dependencies = (
			);
			name = EManager;
			productName = EManager;
			productReference = 602DE15F2189AA5100CC4511 /* EManager.app */;
			productType = "com.apple.product-type.application";
		};
		602DE1752189AA5300CC4511 /* EManagerTests */ = {
			isa = PBXNativeTarget;
			buildConfigurationList = 602DE18D2189AA5300CC4511 /* Build configuration list for PBXNativeTarget "EManagerTests" */;
			buildPhases = (
				505B779CCC28B6113FE81F54 /* [CP] Check Pods Manifest.lock */,
				602DE1722189AA5300CC4511 /* Sources */,
				602DE1732189AA5300CC4511 /* Frameworks */,
				602DE1742189AA5300CC4511 /* Resources */,
			);
			buildRules = (
			);
			dependencies = (
				602DE1782189AA5300CC4511 /* PBXTargetDependency */,
			);
			name = EManagerTests;
			productName = EManagerTests;
			productReference = 602DE1762189AA5300CC4511 /* EManagerTests.xctest */;
			productType = "com.apple.product-type.bundle.unit-test";
		};
		602DE1802189AA5300CC4511 /* EManagerUITests */ = {
			isa = PBXNativeTarget;
			buildConfigurationList = 602DE1902189AA5300CC4511 /* Build configuration list for PBXNativeTarget "EManagerUITests" */;
			buildPhases = (
				EB4EC7BF69612572F71A2E94 /* [CP] Check Pods Manifest.lock */,
				602DE17D2189AA5300CC4511 /* Sources */,
				602DE17E2189AA5300CC4511 /* Frameworks */,
				602DE17F2189AA5300CC4511 /* Resources */,
			);
			buildRules = (
			);
			dependencies = (
				602DE1832189AA5300CC4511 /* PBXTargetDependency */,
			);
			name = EManagerUITests;
			productName = EManagerUITests;
			productReference = 602DE1812189AA5300CC4511 /* EManagerUITests.xctest */;
			productType = "com.apple.product-type.bundle.ui-testing";
		};
/* End PBXNativeTarget section */

/* Begin PBXProject section */
		602DE1572189AA5100CC4511 /* Project object */ = {
			isa = PBXProject;
			attributes = {
				LastSwiftUpdateCheck = 0940;
				LastUpgradeCheck = 0940;
				ORGANIZATIONNAME = "EX DOLL";
				TargetAttributes = {
					602DE15E2189AA5100CC4511 = {
						CreatedOnToolsVersion = 9.4.1;
					};
					602DE1752189AA5300CC4511 = {
						CreatedOnToolsVersion = 9.4.1;
						TestTargetID = 602DE15E2189AA5100CC4511;
					};
					602DE1802189AA5300CC4511 = {
						CreatedOnToolsVersion = 9.4.1;
						TestTargetID = 602DE15E2189AA5100CC4511;
					};
				};
			};
			buildConfigurationList = 602DE15A2189AA5100CC4511 /* Build configuration list for PBXProject "EManager" */;
			compatibilityVersion = "Xcode 9.3";
			developmentRegion = en;
			hasScannedForEncodings = 0;
			knownRegions = (
				en,
				Base,
			);
			mainGroup = 602DE1562189AA5100CC4511;
			productRefGroup = 602DE1602189AA5100CC4511 /* Products */;
			projectDirPath = "";
			projectRoot = "";
			targets = (
				602DE15E2189AA5100CC4511 /* EManager */,
				602DE1752189AA5300CC4511 /* EManagerTests */,
				602DE1802189AA5300CC4511 /* EManagerUITests */,
			);
		};
/* End PBXProject section */

/* Begin PBXResourcesBuildPhase section */
		602DE15D2189AA5100CC4511 /* Resources */ = {
			isa = PBXResourcesBuildPhase;
			buildActionMask = 2147483647;
			files = (
				60FBB9522216843A008A3F11 /* SCanvasControl.xib in Resources */,
				602DE1702189AA5300CC4511 /* LaunchScreen.storyboard in Resources */,
				60FBB94022153C63008A3F11 /* SendUDPController.xib in Resources */,
				6007BB3721C38803000CD104 /* path.html in Resources */,
				60FBB93C2214FFB7008A3F11 /* UDPController.xib in Resources */,
				602DE16D2189AA5300CC4511 /* Assets.xcassets in Resources */,
				602DE1682189AA5100CC4511 /* Main.storyboard in Resources */,
			);
			runOnlyForDeploymentPostprocessing = 0;
		};
		602DE1742189AA5300CC4511 /* Resources */ = {
			isa = PBXResourcesBuildPhase;
			buildActionMask = 2147483647;
			files = (
			);
			runOnlyForDeploymentPostprocessing = 0;
		};
		602DE17F2189AA5300CC4511 /* Resources */ = {
			isa = PBXResourcesBuildPhase;
			buildActionMask = 2147483647;
			files = (
			);
			runOnlyForDeploymentPostprocessing = 0;
		};
/* End PBXResourcesBuildPhase section */

/* Begin PBXShellScriptBuildPhase section */
		12D49FF9433847FEB465D910 /* [CP] Check Pods Manifest.lock */ = {
			isa = PBXShellScriptBuildPhase;
			buildActionMask = 2147483647;
			files = (
			);
			inputPaths = (
				"${PODS_PODFILE_DIR_PATH}/Podfile.lock",
				"${PODS_ROOT}/Manifest.lock",
			);
			name = "[CP] Check Pods Manifest.lock";
			outputPaths = (
				"$(DERIVED_FILE_DIR)/Pods-EManager-checkManifestLockResult.txt",
			);
			runOnlyForDeploymentPostprocessing = 0;
			shellPath = /bin/sh;
			shellScript = "diff \"${PODS_PODFILE_DIR_PATH}/Podfile.lock\" \"${PODS_ROOT}/Manifest.lock\" > /dev/null\nif [ $? != 0 ] ; then\n    # print error to STDERR\n    echo \"error: The sandbox is not in sync with the Podfile.lock. Run 'pod install' or update your CocoaPods installation.\" >&2\n    exit 1\nfi\n# This output is used by Xcode 'outputs' to avoid re-running this script phase.\necho \"SUCCESS\" > \"${SCRIPT_OUTPUT_FILE_0}\"\n";
			showEnvVarsInLog = 0;
		};
		442893A8B2CF9F1AAA3ACD12 /* [CP] Embed Pods Frameworks */ = {
			isa = PBXShellScriptBuildPhase;
			buildActionMask = 2147483647;
			files = (
			);
			inputPaths = (
				"${SRCROOT}/Pods/Target Support Files/Pods-EManager/Pods-EManager-frameworks.sh",
				"${BUILT_PRODUCTS_DIR}/Alamofire/Alamofire.framework",
				"${BUILT_PRODUCTS_DIR}/CocoaAsyncSocket/CocoaAsyncSocket.framework",
				"${BUILT_PRODUCTS_DIR}/SnapKit/SnapKit.framework",
				"${BUILT_PRODUCTS_DIR}/SwiftyJSON/SwiftyJSON.framework",
			);
			name = "[CP] Embed Pods Frameworks";
			outputPaths = (
				"${TARGET_BUILD_DIR}/${FRAMEWORKS_FOLDER_PATH}/Alamofire.framework",
				"${TARGET_BUILD_DIR}/${FRAMEWORKS_FOLDER_PATH}/CocoaAsyncSocket.framework",
				"${TARGET_BUILD_DIR}/${FRAMEWORKS_FOLDER_PATH}/SnapKit.framework",
				"${TARGET_BUILD_DIR}/${FRAMEWORKS_FOLDER_PATH}/SwiftyJSON.framework",
			);
			runOnlyForDeploymentPostprocessing = 0;
			shellPath = /bin/sh;
			shellScript = "\"${SRCROOT}/Pods/Target Support Files/Pods-EManager/Pods-EManager-frameworks.sh\"\n";
			showEnvVarsInLog = 0;
		};
		505B779CCC28B6113FE81F54 /* [CP] Check Pods Manifest.lock */ = {
			isa = PBXShellScriptBuildPhase;
			buildActionMask = 2147483647;
			files = (
			);
			inputPaths = (
				"${PODS_PODFILE_DIR_PATH}/Podfile.lock",
				"${PODS_ROOT}/Manifest.lock",
			);
			name = "[CP] Check Pods Manifest.lock";
			outputPaths = (
				"$(DERIVED_FILE_DIR)/Pods-EManagerTests-checkManifestLockResult.txt",
			);
			runOnlyForDeploymentPostprocessing = 0;
			shellPath = /bin/sh;
			shellScript = "diff \"${PODS_PODFILE_DIR_PATH}/Podfile.lock\" \"${PODS_ROOT}/Manifest.lock\" > /dev/null\nif [ $? != 0 ] ; then\n    # print error to STDERR\n    echo \"error: The sandbox is not in sync with the Podfile.lock. Run 'pod install' or update your CocoaPods installation.\" >&2\n    exit 1\nfi\n# This output is used by Xcode 'outputs' to avoid re-running this script phase.\necho \"SUCCESS\" > \"${SCRIPT_OUTPUT_FILE_0}\"\n";
			showEnvVarsInLog = 0;
		};
		EB4EC7BF69612572F71A2E94 /* [CP] Check Pods Manifest.lock */ = {
			isa = PBXShellScriptBuildPhase;
			buildActionMask = 2147483647;
			files = (
			);
			inputPaths = (
				"${PODS_PODFILE_DIR_PATH}/Podfile.lock",
				"${PODS_ROOT}/Manifest.lock",
			);
			name = "[CP] Check Pods Manifest.lock";
			outputPaths = (
				"$(DERIVED_FILE_DIR)/Pods-EManagerUITests-checkManifestLockResult.txt",
			);
			runOnlyForDeploymentPostprocessing = 0;
			shellPath = /bin/sh;
			shellScript = "diff \"${PODS_PODFILE_DIR_PATH}/Podfile.lock\" \"${PODS_ROOT}/Manifest.lock\" > /dev/null\nif [ $? != 0 ] ; then\n    # print error to STDERR\n    echo \"error: The sandbox is not in sync with the Podfile.lock. Run 'pod install' or update your CocoaPods installation.\" >&2\n    exit 1\nfi\n# This output is used by Xcode 'outputs' to avoid re-running this script phase.\necho \"SUCCESS\" > \"${SCRIPT_OUTPUT_FILE_0}\"\n";
			showEnvVarsInLog = 0;
		};
/* End PBXShellScriptBuildPhase section */

/* Begin PBXSourcesBuildPhase section */
		602DE15B2189AA5100CC4511 /* Sources */ = {
			isa = PBXSourcesBuildPhase;
			buildActionMask = 2147483647;
			files = (
				600B2B87219D66F300CBF641 /* Canvas.swift in Sources */,
				60108DA82193C57C0099A903 /* CollectionViewController.swift in Sources */,
				6053CEA9219AA34900E1014C /* CoordinatesController.swift in Sources */,
				60FBB93B2214FFB7008A3F11 /* UDPController.swift in Sources */,
				60FBB94E2216843A008A3F11 /* SChangeBtn.swift in Sources */,
				60108DB121940DCC0099A903 /* SSnapBasicView.swift in Sources */,
				60108D9321915E960099A903 /* SnapController.swift in Sources */,
				60FBB9532216843A008A3F11 /* SCanvasModel.swift in Sources */,
				60108DAA2193D03B0099A903 /* SCell.swift in Sources */,
				60FBB94D2216843A008A3F11 /* SPen.swift in Sources */,
				60FBB9542216843A008A3F11 /* SCanvasBase.swift in Sources */,
				60108DA32192D4720099A903 /* ColorController.swift in Sources */,
				60108D97219166060099A903 /* SortController.swift in Sources */,
				602DE197218AD99800CC4511 /* SRequest.swift in Sources */,
				60108DAE2193D61B0099A903 /* CollectionHeaderView.swift in Sources */,
				60FBB9512216843A008A3F11 /* SChartBridge.swift in Sources */,
				60108DAD2193D61B0099A903 /* CollectionFootView.swift in Sources */,
				60108D9D219273F30099A903 /* QRCodeController.swift in Sources */,
				60FBB9502216843A008A3F11 /* SCanvasModelExtend.swift in Sources */,
				60FBB94C2216843A008A3F11 /* SCanvasControl.swift in Sources */,
				60FBB93F22153C63008A3F11 /* SendUDPController.swift in Sources */,
				60108D9F2192755E0099A903 /* ORCode.swift in Sources */,
				602DE1652189AA5100CC4511 /* ViewController.swift in Sources */,
				602DE1632189AA5100CC4511 /* AppDelegate.swift in Sources */,
				6053CE9F219909F900E1014C /* ControlController.swift in Sources */,
				60108DB3219416D00099A903 /* SSnapUpdateView.swift in Sources */,
				60108DE621956DA70099A903 /* SSnapUsingView.swift in Sources */,
				60108DE8219571F30099A903 /* SSnapEdgesView.swift in Sources */,
				60FBB95922168D8C008A3F11 /* CanvasController.swift in Sources */,
				60CC291721A24DAF00A0F381 /* MotionModel.swift in Sources */,
				60FBB94F2216843A008A3F11 /* SCanvasLayer.swift in Sources */,
				60FBB9552216843A008A3F11 /* SDuda.swift in Sources */,
				602DE16B2189AA5100CC4511 /* EManager.xcdatamodeld in Sources */,
				60108DE4219568950099A903 /* SSnapRemakeView.swift in Sources */,
				60108D9521915EC90099A903 /* FileDatas.swift in Sources */,
				60CC291421A246DC00A0F381 /* PixelView.swift in Sources */,
				60108DA52192D9050099A903 /* BezierController.swift in Sources */,
				60F8E48821C8E59C00570F4D /* TimerController.swift in Sources */,
				6053CEA7219A9A8700E1014C /* RobotHandle.swift in Sources */,
				6053CEA1219922AE00E1014C /* CirclePan.swift in Sources */,
				600B2B89219D672E00CBF641 /* PathCreator.swift in Sources */,
				6053CEAB219BFD2200E1014C /* RBSlider.swift in Sources */,
				607A6F3721A3B3B900F5059A /* SAudio.swift in Sources */,
				6053CEAF219C023A00E1014C /* VController.swift in Sources */,
				6053CEA5219A632600E1014C /* BasicFunction.swift in Sources */,
				60FBB957221684D2008A3F11 /* CSViewExtend.swift in Sources */,
				6053CE9D2199088E00E1014C /* BodyView.swift in Sources */,
			);
			runOnlyForDeploymentPostprocessing = 0;
		};
		602DE1722189AA5300CC4511 /* Sources */ = {
			isa = PBXSourcesBuildPhase;
			buildActionMask = 2147483647;
			files = (
				602DE17B2189AA5300CC4511 /* EManagerTests.swift in Sources */,
			);
			runOnlyForDeploymentPostprocessing = 0;
		};
		602DE17D2189AA5300CC4511 /* Sources */ = {
			isa = PBXSourcesBuildPhase;
			buildActionMask = 2147483647;
			files = (
				602DE1862189AA5300CC4511 /* EManagerUITests.swift in Sources */,
			);
			runOnlyForDeploymentPostprocessing = 0;
		};
/* End PBXSourcesBuildPhase section */

/* Begin PBXTargetDependency section */
		602DE1782189AA5300CC4511 /* PBXTargetDependency */ = {
			isa = PBXTargetDependency;
			target = 602DE15E2189AA5100CC4511 /* EManager */;
			targetProxy = 602DE1772189AA5300CC4511 /* PBXContainerItemProxy */;
		};
		602DE1832189AA5300CC4511 /* PBXTargetDependency */ = {
			isa = PBXTargetDependency;
			target = 602DE15E2189AA5100CC4511 /* EManager */;
			targetProxy = 602DE1822189AA5300CC4511 /* PBXContainerItemProxy */;
		};
/* End PBXTargetDependency section */

/* Begin PBXVariantGroup section */
		602DE1662189AA5100CC4511 /* Main.storyboard */ = {
			isa = PBXVariantGroup;
			children = (
				602DE1672189AA5100CC4511 /* Base */,
			);
			name = Main.storyboard;
			sourceTree = "<group>";
		};
		602DE16E2189AA5300CC4511 /* LaunchScreen.storyboard */ = {
			isa = PBXVariantGroup;
			children = (
				602DE16F2189AA5300CC4511 /* Base */,
			);
			name = LaunchScreen.storyboard;
			sourceTree = "<group>";
		};
/* End PBXVariantGroup section */

/* Begin XCBuildConfiguration section */
		602DE1882189AA5300CC4511 /* Debug */ = {
			isa = XCBuildConfiguration;
			buildSettings = {
				ALWAYS_SEARCH_USER_PATHS = NO;
				CLANG_ANALYZER_NONNULL = YES;
				CLANG_ANALYZER_NUMBER_OBJECT_CONVERSION = YES_AGGRESSIVE;
				CLANG_CXX_LANGUAGE_STANDARD = "gnu++14";
				CLANG_CXX_LIBRARY = "libc++";
				CLANG_ENABLE_MODULES = YES;
				CLANG_ENABLE_OBJC_ARC = YES;
				CLANG_ENABLE_OBJC_WEAK = YES;
				CLANG_WARN_BLOCK_CAPTURE_AUTORELEASING = YES;
				CLANG_WARN_BOOL_CONVERSION = YES;
				CLANG_WARN_COMMA = YES;
				CLANG_WARN_CONSTANT_CONVERSION = YES;
				CLANG_WARN_DEPRECATED_OBJC_IMPLEMENTATIONS = YES;
				CLANG_WARN_DIRECT_OBJC_ISA_USAGE = YES_ERROR;
				CLANG_WARN_DOCUMENTATION_COMMENTS = YES;
				CLANG_WARN_EMPTY_BODY = YES;
				CLANG_WARN_ENUM_CONVERSION = YES;
				CLANG_WARN_INFINITE_RECURSION = YES;
				CLANG_WARN_INT_CONVERSION = YES;
				CLANG_WARN_NON_LITERAL_NULL_CONVERSION = YES;
				CLANG_WARN_OBJC_IMPLICIT_RETAIN_SELF = YES;
				CLANG_WARN_OBJC_LITERAL_CONVERSION = YES;
				CLANG_WARN_OBJC_ROOT_CLASS = YES_ERROR;
				CLANG_WARN_RANGE_LOOP_ANALYSIS = YES;
				CLANG_WARN_STRICT_PROTOTYPES = YES;
				CLANG_WARN_SUSPICIOUS_MOVE = YES;
				CLANG_WARN_UNGUARDED_AVAILABILITY = YES_AGGRESSIVE;
				CLANG_WARN_UNREACHABLE_CODE = YES;
				CLANG_WARN__DUPLICATE_METHOD_MATCH = YES;
				CODE_SIGN_IDENTITY = "iPhone Developer";
				COPY_PHASE_STRIP = NO;
				DEBUG_INFORMATION_FORMAT = dwarf;
				ENABLE_STRICT_OBJC_MSGSEND = YES;
				ENABLE_TESTABILITY = YES;
				GCC_C_LANGUAGE_STANDARD = gnu11;
				GCC_DYNAMIC_NO_PIC = NO;
				GCC_NO_COMMON_BLOCKS = YES;
				GCC_OPTIMIZATION_LEVEL = 0;
				GCC_PREPROCESSOR_DEFINITIONS = (
					"DEBUG=1",
					"$(inherited)",
				);
				GCC_WARN_64_TO_32_BIT_CONVERSION = YES;
				GCC_WARN_ABOUT_RETURN_TYPE = YES_ERROR;
				GCC_WARN_UNDECLARED_SELECTOR = YES;
				GCC_WARN_UNINITIALIZED_AUTOS = YES_AGGRESSIVE;
				GCC_WARN_UNUSED_FUNCTION = YES;
				GCC_WARN_UNUSED_VARIABLE = YES;
				IPHONEOS_DEPLOYMENT_TARGET = 11.4;
				MTL_ENABLE_DEBUG_INFO = YES;
				ONLY_ACTIVE_ARCH = YES;
				SDKROOT = iphoneos;
				SWIFT_ACTIVE_COMPILATION_CONDITIONS = DEBUG;
				SWIFT_OPTIMIZATION_LEVEL = "-Onone";
			};
			name = Debug;
		};
		602DE1892189AA5300CC4511 /* Release */ = {
			isa = XCBuildConfiguration;
			buildSettings = {
				ALWAYS_SEARCH_USER_PATHS = NO;
				CLANG_ANALYZER_NONNULL = YES;
				CLANG_ANALYZER_NUMBER_OBJECT_CONVERSION = YES_AGGRESSIVE;
				CLANG_CXX_LANGUAGE_STANDARD = "gnu++14";
				CLANG_CXX_LIBRARY = "libc++";
				CLANG_ENABLE_MODULES = YES;
				CLANG_ENABLE_OBJC_ARC = YES;
				CLANG_ENABLE_OBJC_WEAK = YES;
				CLANG_WARN_BLOCK_CAPTURE_AUTORELEASING = YES;
				CLANG_WARN_BOOL_CONVERSION = YES;
				CLANG_WARN_COMMA = YES;
				CLANG_WARN_CONSTANT_CONVERSION = YES;
				CLANG_WARN_DEPRECATED_OBJC_IMPLEMENTATIONS = YES;
				CLANG_WARN_DIRECT_OBJC_ISA_USAGE = YES_ERROR;
				CLANG_WARN_DOCUMENTATION_COMMENTS = YES;
				CLANG_WARN_EMPTY_BODY = YES;
				CLANG_WARN_ENUM_CONVERSION = YES;
				CLANG_WARN_INFINITE_RECURSION = YES;
				CLANG_WARN_INT_CONVERSION = YES;
				CLANG_WARN_NON_LITERAL_NULL_CONVERSION = YES;
				CLANG_WARN_OBJC_IMPLICIT_RETAIN_SELF = YES;
				CLANG_WARN_OBJC_LITERAL_CONVERSION = YES;
				CLANG_WARN_OBJC_ROOT_CLASS = YES_ERROR;
				CLANG_WARN_RANGE_LOOP_ANALYSIS = YES;
				CLANG_WARN_STRICT_PROTOTYPES = YES;
				CLANG_WARN_SUSPICIOUS_MOVE = YES;
				CLANG_WARN_UNGUARDED_AVAILABILITY = YES_AGGRESSIVE;
				CLANG_WARN_UNREACHABLE_CODE = YES;
				CLANG_WARN__DUPLICATE_METHOD_MATCH = YES;
				CODE_SIGN_IDENTITY = "iPhone Developer";
				COPY_PHASE_STRIP = NO;
				DEBUG_INFORMATION_FORMAT = "dwarf-with-dsym";
				ENABLE_NS_ASSERTIONS = NO;
				ENABLE_STRICT_OBJC_MSGSEND = YES;
				GCC_C_LANGUAGE_STANDARD = gnu11;
				GCC_NO_COMMON_BLOCKS = YES;
				GCC_WARN_64_TO_32_BIT_CONVERSION = YES;
				GCC_WARN_ABOUT_RETURN_TYPE = YES_ERROR;
				GCC_WARN_UNDECLARED_SELECTOR = YES;
				GCC_WARN_UNINITIALIZED_AUTOS = YES_AGGRESSIVE;
				GCC_WARN_UNUSED_FUNCTION = YES;
				GCC_WARN_UNUSED_VARIABLE = YES;
				IPHONEOS_DEPLOYMENT_TARGET = 11.4;
				MTL_ENABLE_DEBUG_INFO = NO;
				SDKROOT = iphoneos;
				SWIFT_COMPILATION_MODE = wholemodule;
				SWIFT_OPTIMIZATION_LEVEL = "-O";
				VALIDATE_PRODUCT = YES;
			};
			name = Release;
		};
		602DE18B2189AA5300CC4511 /* Debug */ = {
			isa = XCBuildConfiguration;
			baseConfigurationReference = 203BCD1CBF7B745B60CC3304 /* Pods-EManager.debug.xcconfig */;
			buildSettings = {
				ASSETCATALOG_COMPILER_APPICON_NAME = AppIcon;
				CODE_SIGN_STYLE = Automatic;
				DEVELOPMENT_TEAM = HH2Y65XC6Y;
				INFOPLIST_FILE = EManager/Info.plist;
				LD_RUNPATH_SEARCH_PATHS = (
					"$(inherited)",
					"@executable_path/Frameworks",
				);
				PRODUCT_BUNDLE_IDENTIFIER = pp.DSRobotEditorPad;
				PRODUCT_NAME = "$(TARGET_NAME)";
				SWIFT_VERSION = 4.0;
				TARGETED_DEVICE_FAMILY = "1,2";
			};
			name = Debug;
		};
		602DE18C2189AA5300CC4511 /* Release */ = {
			isa = XCBuildConfiguration;
			baseConfigurationReference = 116E85AD4CAD52B12D1BDE6B /* Pods-EManager.release.xcconfig */;
			buildSettings = {
				ASSETCATALOG_COMPILER_APPICON_NAME = AppIcon;
				CODE_SIGN_STYLE = Automatic;
				DEVELOPMENT_TEAM = HH2Y65XC6Y;
				INFOPLIST_FILE = EManager/Info.plist;
				LD_RUNPATH_SEARCH_PATHS = (
					"$(inherited)",
					"@executable_path/Frameworks",
				);
				PRODUCT_BUNDLE_IDENTIFIER = pp.DSRobotEditorPad;
				PRODUCT_NAME = "$(TARGET_NAME)";
				SWIFT_VERSION = 4.0;
				TARGETED_DEVICE_FAMILY = "1,2";
			};
			name = Release;
		};
		602DE18E2189AA5300CC4511 /* Debug */ = {
			isa = XCBuildConfiguration;
			baseConfigurationReference = AB186122656B3DED540361E4 /* Pods-EManagerTests.debug.xcconfig */;
			buildSettings = {
				ALWAYS_EMBED_SWIFT_STANDARD_LIBRARIES = YES;
				BUNDLE_LOADER = "$(TEST_HOST)";
				CODE_SIGN_STYLE = Automatic;
				INFOPLIST_FILE = EManagerTests/Info.plist;
				LD_RUNPATH_SEARCH_PATHS = (
					"$(inherited)",
					"@executable_path/Frameworks",
					"@loader_path/Frameworks",
				);
				PRODUCT_BUNDLE_IDENTIFIER = pp.EManagerTests;
				PRODUCT_NAME = "$(TARGET_NAME)";
				SWIFT_VERSION = 4.0;
				TARGETED_DEVICE_FAMILY = "1,2";
				TEST_HOST = "$(BUILT_PRODUCTS_DIR)/EManager.app/EManager";
			};
			name = Debug;
		};
		602DE18F2189AA5300CC4511 /* Release */ = {
			isa = XCBuildConfiguration;
			baseConfigurationReference = 8B3475704189D6BD6FA2A89D /* Pods-EManagerTests.release.xcconfig */;
			buildSettings = {
				ALWAYS_EMBED_SWIFT_STANDARD_LIBRARIES = YES;
				BUNDLE_LOADER = "$(TEST_HOST)";
				CODE_SIGN_STYLE = Automatic;
				INFOPLIST_FILE = EManagerTests/Info.plist;
				LD_RUNPATH_SEARCH_PATHS = (
					"$(inherited)",
					"@executable_path/Frameworks",
					"@loader_path/Frameworks",
				);
				PRODUCT_BUNDLE_IDENTIFIER = pp.EManagerTests;
				PRODUCT_NAME = "$(TARGET_NAME)";
				SWIFT_VERSION = 4.0;
				TARGETED_DEVICE_FAMILY = "1,2";
				TEST_HOST = "$(BUILT_PRODUCTS_DIR)/EManager.app/EManager";
			};
			name = Release;
		};
		602DE1912189AA5300CC4511 /* Debug */ = {
			isa = XCBuildConfiguration;
			baseConfigurationReference = FE4B34C7463C9FD78C361DBD /* Pods-EManagerUITests.debug.xcconfig */;
			buildSettings = {
				ALWAYS_EMBED_SWIFT_STANDARD_LIBRARIES = YES;
				CODE_SIGN_STYLE = Automatic;
				INFOPLIST_FILE = EManagerUITests/Info.plist;
				LD_RUNPATH_SEARCH_PATHS = (
					"$(inherited)",
					"@executable_path/Frameworks",
					"@loader_path/Frameworks",
				);
				PRODUCT_BUNDLE_IDENTIFIER = pp.EManagerUITests;
				PRODUCT_NAME = "$(TARGET_NAME)";
				SWIFT_VERSION = 4.0;
				TARGETED_DEVICE_FAMILY = "1,2";
				TEST_TARGET_NAME = EManager;
			};
			name = Debug;
		};
		602DE1922189AA5300CC4511 /* Release */ = {
			isa = XCBuildConfiguration;
			baseConfigurationReference = 66A6576315E06F2BEAF26DBF /* Pods-EManagerUITests.release.xcconfig */;
			buildSettings = {
				ALWAYS_EMBED_SWIFT_STANDARD_LIBRARIES = YES;
				CODE_SIGN_STYLE = Automatic;
				INFOPLIST_FILE = EManagerUITests/Info.plist;
				LD_RUNPATH_SEARCH_PATHS = (
					"$(inherited)",
					"@executable_path/Frameworks",
					"@loader_path/Frameworks",
				);
				PRODUCT_BUNDLE_IDENTIFIER = pp.EManagerUITests;
				PRODUCT_NAME = "$(TARGET_NAME)";
				SWIFT_VERSION = 4.0;
				TARGETED_DEVICE_FAMILY = "1,2";
				TEST_TARGET_NAME = EManager;
			};
			name = Release;
		};
/* End XCBuildConfiguration section */

/* Begin XCConfigurationList section */
		602DE15A2189AA5100CC4511 /* Build configuration list for PBXProject "EManager" */ = {
			isa = XCConfigurationList;
			buildConfigurations = (
				602DE1882189AA5300CC4511 /* Debug */,
				602DE1892189AA5300CC4511 /* Release */,
			);
			defaultConfigurationIsVisible = 0;
			defaultConfigurationName = Release;
		};
		602DE18A2189AA5300CC4511 /* Build configuration list for PBXNativeTarget "EManager" */ = {
			isa = XCConfigurationList;
			buildConfigurations = (
				602DE18B2189AA5300CC4511 /* Debug */,
				602DE18C2189AA5300CC4511 /* Release */,
			);
			defaultConfigurationIsVisible = 0;
			defaultConfigurationName = Release;
		};
		602DE18D2189AA5300CC4511 /* Build configuration list for PBXNativeTarget "EManagerTests" */ = {
			isa = XCConfigurationList;
			buildConfigurations = (
				602DE18E2189AA5300CC4511 /* Debug */,
				602DE18F2189AA5300CC4511 /* Release */,
			);
			defaultConfigurationIsVisible = 0;
			defaultConfigurationName = Release;
		};
		602DE1902189AA5300CC4511 /* Build configuration list for PBXNativeTarget "EManagerUITests" */ = {
			isa = XCConfigurationList;
			buildConfigurations = (
				602DE1912189AA5300CC4511 /* Debug */,
				602DE1922189AA5300CC4511 /* Release */,
			);
			defaultConfigurationIsVisible = 0;
			defaultConfigurationName = Release;
		};
/* End XCConfigurationList section */

/* Begin XCVersionGroup section */
		602DE1692189AA5100CC4511 /* EManager.xcdatamodeld */ = {
			isa = XCVersionGroup;
			children = (
				602DE16A2189AA5100CC4511 /* EManager.xcdatamodel */,
			);
			currentVersion = 602DE16A2189AA5100CC4511 /* EManager.xcdatamodel */;
			path = EManager.xcdatamodeld;
			sourceTree = "<group>";
			versionGroupType = wrapper.xcdatamodel;
		};
/* End XCVersionGroup section */
	};
	rootObject = 602DE1572189AA5100CC4511 /* Project object */;
}
